// !$*UTF8*$!
{
	archiveVersion = 1;
	classes = {
	};
	objectVersion = 51;
	objects = {

/* Begin PBXBuildFile section */
		36C259BD198FEC3518447FA2 /* Pods_alexasgramTests.framework in Frameworks */ = {isa = PBXBuildFile; fileRef = 55AA5949448E93ACB8F4363A /* Pods_alexasgramTests.framework */; };
		914D23E322D3FBA3000227BC /* AppDelegate.m in Sources */ = {isa = PBXBuildFile; fileRef = 914D23E222D3FBA3000227BC /* AppDelegate.m */; };
		914D23E622D3FBA3000227BC /* SignUpViewController.m in Sources */ = {isa = PBXBuildFile; fileRef = 914D23E522D3FBA3000227BC /* SignUpViewController.m */; };
		914D23E922D3FBA3000227BC /* Main.storyboard in Resources */ = {isa = PBXBuildFile; fileRef = 914D23E722D3FBA3000227BC /* Main.storyboard */; };
		914D23EB22D3FBA4000227BC /* Assets.xcassets in Resources */ = {isa = PBXBuildFile; fileRef = 914D23EA22D3FBA4000227BC /* Assets.xcassets */; };
		914D23EE22D3FBA4000227BC /* LaunchScreen.storyboard in Resources */ = {isa = PBXBuildFile; fileRef = 914D23EC22D3FBA4000227BC /* LaunchScreen.storyboard */; };
		914D23F122D3FBA4000227BC /* main.m in Sources */ = {isa = PBXBuildFile; fileRef = 914D23F022D3FBA4000227BC /* main.m */; };
		914D23FB22D3FBA4000227BC /* alexasgramTests.m in Sources */ = {isa = PBXBuildFile; fileRef = 914D23FA22D3FBA4000227BC /* alexasgramTests.m */; };
		914D240622D3FBA4000227BC /* alexasgramUITests.m in Sources */ = {isa = PBXBuildFile; fileRef = 914D240522D3FBA4000227BC /* alexasgramUITests.m */; };
		914D241822D541B8000227BC /* LoginViewController.m in Sources */ = {isa = PBXBuildFile; fileRef = 914D241722D541B8000227BC /* LoginViewController.m */; };
		914D241B22D54539000227BC /* HomeFeedViewController.m in Sources */ = {isa = PBXBuildFile; fileRef = 914D241A22D54539000227BC /* HomeFeedViewController.m */; };
		AFF0E082BAA16F2CFF16EAF8 /* Pods_alexasgramUITests.framework in Frameworks */ = {isa = PBXBuildFile; fileRef = 896D1B6C7455CD303CF13B30 /* Pods_alexasgramUITests.framework */; };
		D0BFD776CE863E501A41E795 /* Pods_alexasgram.framework in Frameworks */ = {isa = PBXBuildFile; fileRef = DCBFCBD35149AAD5C6F2DE73 /* Pods_alexasgram.framework */; };
/* End PBXBuildFile section */

/* Begin PBXContainerItemProxy section */
		914D23F722D3FBA4000227BC /* PBXContainerItemProxy */ = {
			isa = PBXContainerItemProxy;
			containerPortal = 914D23D622D3FBA3000227BC /* Project object */;
			proxyType = 1;
			remoteGlobalIDString = 914D23DD22D3FBA3000227BC;
			remoteInfo = alexasgram;
		};
		914D240222D3FBA4000227BC /* PBXContainerItemProxy */ = {
			isa = PBXContainerItemProxy;
			containerPortal = 914D23D622D3FBA3000227BC /* Project object */;
			proxyType = 1;
			remoteGlobalIDString = 914D23DD22D3FBA3000227BC;
			remoteInfo = alexasgram;
		};
/* End PBXContainerItemProxy section */

/* Begin PBXFileReference section */
		02F7DF9B2375ED53FEDC319A /* Pods-alexasgramUITests.debug.xcconfig */ = {isa = PBXFileReference; includeInIndex = 1; lastKnownFileType = text.xcconfig; name = "Pods-alexasgramUITests.debug.xcconfig"; path = "Target Support Files/Pods-alexasgramUITests/Pods-alexasgramUITests.debug.xcconfig"; sourceTree = "<group>"; };
		55AA5949448E93ACB8F4363A /* Pods_alexasgramTests.framework */ = {isa = PBXFileReference; explicitFileType = wrapper.framework; includeInIndex = 0; path = Pods_alexasgramTests.framework; sourceTree = BUILT_PRODUCTS_DIR; };
		5EA67268877A9E218BE6074B /* Pods-alexasgramUITests.release.xcconfig */ = {isa = PBXFileReference; includeInIndex = 1; lastKnownFileType = text.xcconfig; name = "Pods-alexasgramUITests.release.xcconfig"; path = "Target Support Files/Pods-alexasgramUITests/Pods-alexasgramUITests.release.xcconfig"; sourceTree = "<group>"; };
		896D1B6C7455CD303CF13B30 /* Pods_alexasgramUITests.framework */ = {isa = PBXFileReference; explicitFileType = wrapper.framework; includeInIndex = 0; path = Pods_alexasgramUITests.framework; sourceTree = BUILT_PRODUCTS_DIR; };
		8FE550A470AA981F892374A1 /* Pods-alexasgramTests.release.xcconfig */ = {isa = PBXFileReference; includeInIndex = 1; lastKnownFileType = text.xcconfig; name = "Pods-alexasgramTests.release.xcconfig"; path = "Target Support Files/Pods-alexasgramTests/Pods-alexasgramTests.release.xcconfig"; sourceTree = "<group>"; };
		914D23DE22D3FBA3000227BC /* alexasgram.app */ = {isa = PBXFileReference; explicitFileType = wrapper.application; includeInIndex = 0; path = alexasgram.app; sourceTree = BUILT_PRODUCTS_DIR; };
		914D23E122D3FBA3000227BC /* AppDelegate.h */ = {isa = PBXFileReference; lastKnownFileType = sourcecode.c.h; path = AppDelegate.h; sourceTree = "<group>"; };
		914D23E222D3FBA3000227BC /* AppDelegate.m */ = {isa = PBXFileReference; lastKnownFileType = sourcecode.c.objc; path = AppDelegate.m; sourceTree = "<group>"; };
		914D23E422D3FBA3000227BC /* SignUpViewController.h */ = {isa = PBXFileReference; lastKnownFileType = sourcecode.c.h; path = SignUpViewController.h; sourceTree = "<group>"; };
		914D23E522D3FBA3000227BC /* SignUpViewController.m */ = {isa = PBXFileReference; lastKnownFileType = sourcecode.c.objc; path = SignUpViewController.m; sourceTree = "<group>"; };
		914D23E822D3FBA3000227BC /* Base */ = {isa = PBXFileReference; lastKnownFileType = file.storyboard; name = Base; path = Base.lproj/Main.storyboard; sourceTree = "<group>"; };
		914D23EA22D3FBA4000227BC /* Assets.xcassets */ = {isa = PBXFileReference; lastKnownFileType = folder.assetcatalog; path = Assets.xcassets; sourceTree = "<group>"; };
		914D23ED22D3FBA4000227BC /* Base */ = {isa = PBXFileReference; lastKnownFileType = file.storyboard; name = Base; path = Base.lproj/LaunchScreen.storyboard; sourceTree = "<group>"; };
		914D23EF22D3FBA4000227BC /* Info.plist */ = {isa = PBXFileReference; lastKnownFileType = text.plist.xml; path = Info.plist; sourceTree = "<group>"; };
		914D23F022D3FBA4000227BC /* main.m */ = {isa = PBXFileReference; lastKnownFileType = sourcecode.c.objc; path = main.m; sourceTree = "<group>"; };
		914D23F622D3FBA4000227BC /* alexasgramTests.xctest */ = {isa = PBXFileReference; explicitFileType = wrapper.cfbundle; includeInIndex = 0; path = alexasgramTests.xctest; sourceTree = BUILT_PRODUCTS_DIR; };
		914D23FA22D3FBA4000227BC /* alexasgramTests.m */ = {isa = PBXFileReference; lastKnownFileType = sourcecode.c.objc; path = alexasgramTests.m; sourceTree = "<group>"; };
		914D23FC22D3FBA4000227BC /* Info.plist */ = {isa = PBXFileReference; lastKnownFileType = text.plist.xml; path = Info.plist; sourceTree = "<group>"; };
		914D240122D3FBA4000227BC /* alexasgramUITests.xctest */ = {isa = PBXFileReference; explicitFileType = wrapper.cfbundle; includeInIndex = 0; path = alexasgramUITests.xctest; sourceTree = BUILT_PRODUCTS_DIR; };
		914D240522D3FBA4000227BC /* alexasgramUITests.m */ = {isa = PBXFileReference; lastKnownFileType = sourcecode.c.objc; path = alexasgramUITests.m; sourceTree = "<group>"; };
		914D240722D3FBA4000227BC /* Info.plist */ = {isa = PBXFileReference; lastKnownFileType = text.plist.xml; path = Info.plist; sourceTree = "<group>"; };
		914D241622D541B7000227BC /* LoginViewController.h */ = {isa = PBXFileReference; lastKnownFileType = sourcecode.c.h; path = LoginViewController.h; sourceTree = "<group>"; };
		914D241722D541B8000227BC /* LoginViewController.m */ = {isa = PBXFileReference; lastKnownFileType = sourcecode.c.objc; path = LoginViewController.m; sourceTree = "<group>"; };
		914D241922D54539000227BC /* HomeFeedViewController.h */ = {isa = PBXFileReference; lastKnownFileType = sourcecode.c.h; path = HomeFeedViewController.h; sourceTree = "<group>"; };
		914D241A22D54539000227BC /* HomeFeedViewController.m */ = {isa = PBXFileReference; lastKnownFileType = sourcecode.c.objc; path = HomeFeedViewController.m; sourceTree = "<group>"; };
		B92963A2033378B1506FC38C /* Pods-alexasgramTests.debug.xcconfig */ = {isa = PBXFileReference; includeInIndex = 1; lastKnownFileType = text.xcconfig; name = "Pods-alexasgramTests.debug.xcconfig"; path = "Target Support Files/Pods-alexasgramTests/Pods-alexasgramTests.debug.xcconfig"; sourceTree = "<group>"; };
		D817E7A015753E781FCFF241 /* Pods-alexasgram.release.xcconfig */ = {isa = PBXFileReference; includeInIndex = 1; lastKnownFileType = text.xcconfig; name = "Pods-alexasgram.release.xcconfig"; path = "Target Support Files/Pods-alexasgram/Pods-alexasgram.release.xcconfig"; sourceTree = "<group>"; };
		DCBFCBD35149AAD5C6F2DE73 /* Pods_alexasgram.framework */ = {isa = PBXFileReference; explicitFileType = wrapper.framework; includeInIndex = 0; path = Pods_alexasgram.framework; sourceTree = BUILT_PRODUCTS_DIR; };
		FFFF6D0F9245CC9205EE277A /* Pods-alexasgram.debug.xcconfig */ = {isa = PBXFileReference; includeInIndex = 1; lastKnownFileType = text.xcconfig; name = "Pods-alexasgram.debug.xcconfig"; path = "Target Support Files/Pods-alexasgram/Pods-alexasgram.debug.xcconfig"; sourceTree = "<group>"; };
/* End PBXFileReference section */

/* Begin PBXFrameworksBuildPhase section */
		914D23DB22D3FBA3000227BC /* Frameworks */ = {
			isa = PBXFrameworksBuildPhase;
			buildActionMask = 2147483647;
			files = (
				D0BFD776CE863E501A41E795 /* Pods_alexasgram.framework in Frameworks */,
			);
			runOnlyForDeploymentPostprocessing = 0;
		};
		914D23F322D3FBA4000227BC /* Frameworks */ = {
			isa = PBXFrameworksBuildPhase;
			buildActionMask = 2147483647;
			files = (
				36C259BD198FEC3518447FA2 /* Pods_alexasgramTests.framework in Frameworks */,
			);
			runOnlyForDeploymentPostprocessing = 0;
		};
		914D23FE22D3FBA4000227BC /* Frameworks */ = {
			isa = PBXFrameworksBuildPhase;
			buildActionMask = 2147483647;
			files = (
				AFF0E082BAA16F2CFF16EAF8 /* Pods_alexasgramUITests.framework in Frameworks */,
			);
			runOnlyForDeploymentPostprocessing = 0;
		};
/* End PBXFrameworksBuildPhase section */

/* Begin PBXGroup section */
		914D23D522D3FBA3000227BC = {
			isa = PBXGroup;
			children = (
				914D23E022D3FBA3000227BC /* alexasgram */,
				914D23F922D3FBA4000227BC /* alexasgramTests */,
				914D240422D3FBA4000227BC /* alexasgramUITests */,
				914D23DF22D3FBA3000227BC /* Products */,
				A8C05A7A0933672337E75E27 /* Pods */,
				EAB43FDF24812E897AFF28A6 /* Frameworks */,
			);
			sourceTree = "<group>";
		};
		914D23DF22D3FBA3000227BC /* Products */ = {
			isa = PBXGroup;
			children = (
				914D23DE22D3FBA3000227BC /* alexasgram.app */,
				914D23F622D3FBA4000227BC /* alexasgramTests.xctest */,
				914D240122D3FBA4000227BC /* alexasgramUITests.xctest */,
			);
			name = Products;
			sourceTree = "<group>";
		};
		914D23E022D3FBA3000227BC /* alexasgram */ = {
			isa = PBXGroup;
			children = (
				914D23E122D3FBA3000227BC /* AppDelegate.h */,
				914D23E222D3FBA3000227BC /* AppDelegate.m */,
				914D23E422D3FBA3000227BC /* SignUpViewController.h */,
				914D23E522D3FBA3000227BC /* SignUpViewController.m */,
				914D241622D541B7000227BC /* LoginViewController.h */,
				914D241722D541B8000227BC /* LoginViewController.m */,
				914D23E722D3FBA3000227BC /* Main.storyboard */,
				914D241922D54539000227BC /* HomeFeedViewController.h */,
				914D241A22D54539000227BC /* HomeFeedViewController.m */,
				914D23EA22D3FBA4000227BC /* Assets.xcassets */,
				914D23EC22D3FBA4000227BC /* LaunchScreen.storyboard */,
				914D23EF22D3FBA4000227BC /* Info.plist */,
				914D23F022D3FBA4000227BC /* main.m */,
			);
			path = alexasgram;
			sourceTree = "<group>";
		};
		914D23F922D3FBA4000227BC /* alexasgramTests */ = {
			isa = PBXGroup;
			children = (
				914D23FA22D3FBA4000227BC /* alexasgramTests.m */,
				914D23FC22D3FBA4000227BC /* Info.plist */,
			);
			path = alexasgramTests;
			sourceTree = "<group>";
		};
		914D240422D3FBA4000227BC /* alexasgramUITests */ = {
			isa = PBXGroup;
			children = (
				914D240522D3FBA4000227BC /* alexasgramUITests.m */,
				914D240722D3FBA4000227BC /* Info.plist */,
			);
			path = alexasgramUITests;
			sourceTree = "<group>";
		};
		A8C05A7A0933672337E75E27 /* Pods */ = {
			isa = PBXGroup;
			children = (
				FFFF6D0F9245CC9205EE277A /* Pods-alexasgram.debug.xcconfig */,
				D817E7A015753E781FCFF241 /* Pods-alexasgram.release.xcconfig */,
				B92963A2033378B1506FC38C /* Pods-alexasgramTests.debug.xcconfig */,
				8FE550A470AA981F892374A1 /* Pods-alexasgramTests.release.xcconfig */,
				02F7DF9B2375ED53FEDC319A /* Pods-alexasgramUITests.debug.xcconfig */,
				5EA67268877A9E218BE6074B /* Pods-alexasgramUITests.release.xcconfig */,
			);
			path = Pods;
			sourceTree = "<group>";
		};
		EAB43FDF24812E897AFF28A6 /* Frameworks */ = {
			isa = PBXGroup;
			children = (
				DCBFCBD35149AAD5C6F2DE73 /* Pods_alexasgram.framework */,
				55AA5949448E93ACB8F4363A /* Pods_alexasgramTests.framework */,
				896D1B6C7455CD303CF13B30 /* Pods_alexasgramUITests.framework */,
			);
			name = Frameworks;
			sourceTree = "<group>";
		};
/* End PBXGroup section */

/* Begin PBXNativeTarget section */
		914D23DD22D3FBA3000227BC /* alexasgram */ = {
			isa = PBXNativeTarget;
			buildConfigurationList = 914D240A22D3FBA4000227BC /* Build configuration list for PBXNativeTarget "alexasgram" */;
			buildPhases = (
				4E5E6EBE7CD9B65821795BFC /* [CP] Check Pods Manifest.lock */,
				914D23DA22D3FBA3000227BC /* Sources */,
				914D23DB22D3FBA3000227BC /* Frameworks */,
				914D23DC22D3FBA3000227BC /* Resources */,
				D2EFC2BC5494691374E5CECA /* [CP] Embed Pods Frameworks */,
			);
			buildRules = (
			);
			dependencies = (
			);
			name = alexasgram;
			productName = alexasgram;
			productReference = 914D23DE22D3FBA3000227BC /* alexasgram.app */;
			productType = "com.apple.product-type.application";
		};
		914D23F522D3FBA4000227BC /* alexasgramTests */ = {
			isa = PBXNativeTarget;
			buildConfigurationList = 914D240D22D3FBA4000227BC /* Build configuration list for PBXNativeTarget "alexasgramTests" */;
			buildPhases = (
				E6955AF2D65632D2E8B491BE /* [CP] Check Pods Manifest.lock */,
				914D23F222D3FBA4000227BC /* Sources */,
				914D23F322D3FBA4000227BC /* Frameworks */,
				914D23F422D3FBA4000227BC /* Resources */,
			);
			buildRules = (
			);
			dependencies = (
				914D23F822D3FBA4000227BC /* PBXTargetDependency */,
			);
			name = alexasgramTests;
			productName = alexasgramTests;
			productReference = 914D23F622D3FBA4000227BC /* alexasgramTests.xctest */;
			productType = "com.apple.product-type.bundle.unit-test";
		};
		914D240022D3FBA4000227BC /* alexasgramUITests */ = {
			isa = PBXNativeTarget;
			buildConfigurationList = 914D241022D3FBA4000227BC /* Build configuration list for PBXNativeTarget "alexasgramUITests" */;
			buildPhases = (
				CF9DE4CCD9F4B2A6534D4440 /* [CP] Check Pods Manifest.lock */,
				914D23FD22D3FBA4000227BC /* Sources */,
				914D23FE22D3FBA4000227BC /* Frameworks */,
				914D23FF22D3FBA4000227BC /* Resources */,
			);
			buildRules = (
			);
			dependencies = (
				914D240322D3FBA4000227BC /* PBXTargetDependency */,
			);
			name = alexasgramUITests;
			productName = alexasgramUITests;
			productReference = 914D240122D3FBA4000227BC /* alexasgramUITests.xctest */;
			productType = "com.apple.product-type.bundle.ui-testing";
		};
/* End PBXNativeTarget section */

/* Begin PBXProject section */
		914D23D622D3FBA3000227BC /* Project object */ = {
			isa = PBXProject;
			attributes = {
				LastUpgradeCheck = 1020;
				ORGANIZATIONNAME = alexamorales;
				TargetAttributes = {
					914D23DD22D3FBA3000227BC = {
						CreatedOnToolsVersion = 10.2.1;
					};
					914D23F522D3FBA4000227BC = {
						CreatedOnToolsVersion = 10.2.1;
						TestTargetID = 914D23DD22D3FBA3000227BC;
					};
					914D240022D3FBA4000227BC = {
						CreatedOnToolsVersion = 10.2.1;
						TestTargetID = 914D23DD22D3FBA3000227BC;
					};
				};
			};
			buildConfigurationList = 914D23D922D3FBA3000227BC /* Build configuration list for PBXProject "alexasgram" */;
			compatibilityVersion = "Xcode 9.3";
			developmentRegion = en;
			hasScannedForEncodings = 0;
			knownRegions = (
				en,
				Base,
			);
			mainGroup = 914D23D522D3FBA3000227BC;
			productRefGroup = 914D23DF22D3FBA3000227BC /* Products */;
			projectDirPath = "";
			projectRoot = "";
			targets = (
				914D23DD22D3FBA3000227BC /* alexasgram */,
				914D23F522D3FBA4000227BC /* alexasgramTests */,
				914D240022D3FBA4000227BC /* alexasgramUITests */,
			);
		};
/* End PBXProject section */

/* Begin PBXResourcesBuildPhase section */
		914D23DC22D3FBA3000227BC /* Resources */ = {
			isa = PBXResourcesBuildPhase;
			buildActionMask = 2147483647;
			files = (
				914D23EE22D3FBA4000227BC /* LaunchScreen.storyboard in Resources */,
				914D23EB22D3FBA4000227BC /* Assets.xcassets in Resources */,
				914D23E922D3FBA3000227BC /* Main.storyboard in Resources */,
			);
			runOnlyForDeploymentPostprocessing = 0;
		};
		914D23F422D3FBA4000227BC /* Resources */ = {
			isa = PBXResourcesBuildPhase;
			buildActionMask = 2147483647;
			files = (
			);
			runOnlyForDeploymentPostprocessing = 0;
		};
		914D23FF22D3FBA4000227BC /* Resources */ = {
			isa = PBXResourcesBuildPhase;
			buildActionMask = 2147483647;
			files = (
			);
			runOnlyForDeploymentPostprocessing = 0;
		};
/* End PBXResourcesBuildPhase section */

/* Begin PBXShellScriptBuildPhase section */
		4E5E6EBE7CD9B65821795BFC /* [CP] Check Pods Manifest.lock */ = {
			isa = PBXShellScriptBuildPhase;
			buildActionMask = 2147483647;
			files = (
			);
			inputFileListPaths = (
			);
			inputPaths = (
				"${PODS_PODFILE_DIR_PATH}/Podfile.lock",
				"${PODS_ROOT}/Manifest.lock",
			);
			name = "[CP] Check Pods Manifest.lock";
			outputFileListPaths = (
			);
			outputPaths = (
				"$(DERIVED_FILE_DIR)/Pods-alexasgram-checkManifestLockResult.txt",
			);
			runOnlyForDeploymentPostprocessing = 0;
			shellPath = /bin/sh;
			shellScript = "diff \"${PODS_PODFILE_DIR_PATH}/Podfile.lock\" \"${PODS_ROOT}/Manifest.lock\" > /dev/null\nif [ $? != 0 ] ; then\n    # print error to STDERR\n    echo \"error: The sandbox is not in sync with the Podfile.lock. Run 'pod install' or update your CocoaPods installation.\" >&2\n    exit 1\nfi\n# This output is used by Xcode 'outputs' to avoid re-running this script phase.\necho \"SUCCESS\" > \"${SCRIPT_OUTPUT_FILE_0}\"\n";
			showEnvVarsInLog = 0;
		};
		CF9DE4CCD9F4B2A6534D4440 /* [CP] Check Pods Manifest.lock */ = {
			isa = PBXShellScriptBuildPhase;
			buildActionMask = 2147483647;
			files = (
			);
			inputFileListPaths = (
			);
			inputPaths = (
				"${PODS_PODFILE_DIR_PATH}/Podfile.lock",
				"${PODS_ROOT}/Manifest.lock",
			);
			name = "[CP] Check Pods Manifest.lock";
			outputFileListPaths = (
			);
			outputPaths = (
				"$(DERIVED_FILE_DIR)/Pods-alexasgramUITests-checkManifestLockResult.txt",
			);
			runOnlyForDeploymentPostprocessing = 0;
			shellPath = /bin/sh;
			shellScript = "diff \"${PODS_PODFILE_DIR_PATH}/Podfile.lock\" \"${PODS_ROOT}/Manifest.lock\" > /dev/null\nif [ $? != 0 ] ; then\n    # print error to STDERR\n    echo \"error: The sandbox is not in sync with the Podfile.lock. Run 'pod install' or update your CocoaPods installation.\" >&2\n    exit 1\nfi\n# This output is used by Xcode 'outputs' to avoid re-running this script phase.\necho \"SUCCESS\" > \"${SCRIPT_OUTPUT_FILE_0}\"\n";
			showEnvVarsInLog = 0;
		};
		D2EFC2BC5494691374E5CECA /* [CP] Embed Pods Frameworks */ = {
			isa = PBXShellScriptBuildPhase;
			buildActionMask = 2147483647;
			files = (
			);
			inputFileListPaths = (
				"${PODS_ROOT}/Target Support Files/Pods-alexasgram/Pods-alexasgram-frameworks-${CONFIGURATION}-input-files.xcfilelist",
			);
			name = "[CP] Embed Pods Frameworks";
			outputFileListPaths = (
				"${PODS_ROOT}/Target Support Files/Pods-alexasgram/Pods-alexasgram-frameworks-${CONFIGURATION}-output-files.xcfilelist",
			);
			runOnlyForDeploymentPostprocessing = 0;
			shellPath = /bin/sh;
			shellScript = "\"${PODS_ROOT}/Target Support Files/Pods-alexasgram/Pods-alexasgram-frameworks.sh\"\n";
			showEnvVarsInLog = 0;
		};
		E6955AF2D65632D2E8B491BE /* [CP] Check Pods Manifest.lock */ = {
			isa = PBXShellScriptBuildPhase;
			buildActionMask = 2147483647;
			files = (
			);
			inputFileListPaths = (
			);
			inputPaths = (
				"${PODS_PODFILE_DIR_PATH}/Podfile.lock",
				"${PODS_ROOT}/Manifest.lock",
			);
			name = "[CP] Check Pods Manifest.lock";
			outputFileListPaths = (
			);
			outputPaths = (
				"$(DERIVED_FILE_DIR)/Pods-alexasgramTests-checkManifestLockResult.txt",
			);
			runOnlyForDeploymentPostprocessing = 0;
			shellPath = /bin/sh;
			shellScript = "diff \"${PODS_PODFILE_DIR_PATH}/Podfile.lock\" \"${PODS_ROOT}/Manifest.lock\" > /dev/null\nif [ $? != 0 ] ; then\n    # print error to STDERR\n    echo \"error: The sandbox is not in sync with the Podfile.lock. Run 'pod install' or update your CocoaPods installation.\" >&2\n    exit 1\nfi\n# This output is used by Xcode 'outputs' to avoid re-running this script phase.\necho \"SUCCESS\" > \"${SCRIPT_OUTPUT_FILE_0}\"\n";
			showEnvVarsInLog = 0;
		};
/* End PBXShellScriptBuildPhase section */

/* Begin PBXSourcesBuildPhase section */
		914D23DA22D3FBA3000227BC /* Sources */ = {
			isa = PBXSourcesBuildPhase;
			buildActionMask = 2147483647;
			files = (
				914D241B22D54539000227BC /* HomeFeedViewController.m in Sources */,
				914D241822D541B8000227BC /* LoginViewController.m in Sources */,
				914D23E622D3FBA3000227BC /* SignUpViewController.m in Sources */,
				914D23F122D3FBA4000227BC /* main.m in Sources */,
				914D23E322D3FBA3000227BC /* AppDelegate.m in Sources */,
			);
			runOnlyForDeploymentPostprocessing = 0;
		};
		914D23F222D3FBA4000227BC /* Sources */ = {
			isa = PBXSourcesBuildPhase;
			buildActionMask = 2147483647;
			files = (
				914D23FB22D3FBA4000227BC /* alexasgramTests.m in Sources */,
			);
			runOnlyForDeploymentPostprocessing = 0;
		};
		914D23FD22D3FBA4000227BC /* Sources */ = {
			isa = PBXSourcesBuildPhase;
			buildActionMask = 2147483647;
			files = (
				914D240622D3FBA4000227BC /* alexasgramUITests.m in Sources */,
			);
			runOnlyForDeploymentPostprocessing = 0;
		};
/* End PBXSourcesBuildPhase section */

/* Begin PBXTargetDependency section */
		914D23F822D3FBA4000227BC /* PBXTargetDependency */ = {
			isa = PBXTargetDependency;
			target = 914D23DD22D3FBA3000227BC /* alexasgram */;
			targetProxy = 914D23F722D3FBA4000227BC /* PBXContainerItemProxy */;
		};
		914D240322D3FBA4000227BC /* PBXTargetDependency */ = {
			isa = PBXTargetDependency;
			target = 914D23DD22D3FBA3000227BC /* alexasgram */;
			targetProxy = 914D240222D3FBA4000227BC /* PBXContainerItemProxy */;
		};
/* End PBXTargetDependency section */

/* Begin PBXVariantGroup section */
		914D23E722D3FBA3000227BC /* Main.storyboard */ = {
			isa = PBXVariantGroup;
			children = (
				914D23E822D3FBA3000227BC /* Base */,
			);
			name = Main.storyboard;
			sourceTree = "<group>";
		};
		914D23EC22D3FBA4000227BC /* LaunchScreen.storyboard */ = {
			isa = PBXVariantGroup;
			children = (
				914D23ED22D3FBA4000227BC /* Base */,
			);
			name = LaunchScreen.storyboard;
			sourceTree = "<group>";
		};
/* End PBXVariantGroup section */

/* Begin XCBuildConfiguration section */
		914D240822D3FBA4000227BC /* Debug */ = {
			isa = XCBuildConfiguration;
			buildSettings = {
				ALWAYS_SEARCH_USER_PATHS = NO;
				CLANG_ANALYZER_NONNULL = YES;
				CLANG_ANALYZER_NUMBER_OBJECT_CONVERSION = YES_AGGRESSIVE;
				CLANG_CXX_LANGUAGE_STANDARD = "gnu++14";
				CLANG_CXX_LIBRARY = "libc++";
				CLANG_ENABLE_MODULES = YES;
				CLANG_ENABLE_OBJC_ARC = YES;
				CLANG_ENABLE_OBJC_WEAK = YES;
				CLANG_WARN_BLOCK_CAPTURE_AUTORELEASING = YES;
				CLANG_WARN_BOOL_CONVERSION = YES;
				CLANG_WARN_COMMA = YES;
				CLANG_WARN_CONSTANT_CONVERSION = YES;
				CLANG_WARN_DEPRECATED_OBJC_IMPLEMENTATIONS = YES;
				CLANG_WARN_DIRECT_OBJC_ISA_USAGE = YES_ERROR;
				CLANG_WARN_DOCUMENTATION_COMMENTS = YES;
				CLANG_WARN_EMPTY_BODY = YES;
				CLANG_WARN_ENUM_CONVERSION = YES;
				CLANG_WARN_INFINITE_RECURSION = YES;
				CLANG_WARN_INT_CONVERSION = YES;
				CLANG_WARN_NON_LITERAL_NULL_CONVERSION = YES;
				CLANG_WARN_OBJC_IMPLICIT_RETAIN_SELF = YES;
				CLANG_WARN_OBJC_LITERAL_CONVERSION = YES;
				CLANG_WARN_OBJC_ROOT_CLASS = YES_ERROR;
				CLANG_WARN_RANGE_LOOP_ANALYSIS = YES;
				CLANG_WARN_STRICT_PROTOTYPES = YES;
				CLANG_WARN_SUSPICIOUS_MOVE = YES;
				CLANG_WARN_UNGUARDED_AVAILABILITY = YES_AGGRESSIVE;
				CLANG_WARN_UNREACHABLE_CODE = YES;
				CLANG_WARN__DUPLICATE_METHOD_MATCH = YES;
				CODE_SIGN_IDENTITY = "iPhone Developer";
				COPY_PHASE_STRIP = NO;
				DEBUG_INFORMATION_FORMAT = dwarf;
				ENABLE_STRICT_OBJC_MSGSEND = YES;
				ENABLE_TESTABILITY = YES;
				GCC_C_LANGUAGE_STANDARD = gnu11;
				GCC_DYNAMIC_NO_PIC = NO;
				GCC_NO_COMMON_BLOCKS = YES;
				GCC_OPTIMIZATION_LEVEL = 0;
				GCC_PREPROCESSOR_DEFINITIONS = (
					"DEBUG=1",
					"$(inherited)",
				);
				GCC_WARN_64_TO_32_BIT_CONVERSION = YES;
				GCC_WARN_ABOUT_RETURN_TYPE = YES_ERROR;
				GCC_WARN_UNDECLARED_SELECTOR = YES;
				GCC_WARN_UNINITIALIZED_AUTOS = YES_AGGRESSIVE;
				GCC_WARN_UNUSED_FUNCTION = YES;
				GCC_WARN_UNUSED_VARIABLE = YES;
				IPHONEOS_DEPLOYMENT_TARGET = 12.2;
				MTL_ENABLE_DEBUG_INFO = INCLUDE_SOURCE;
				MTL_FAST_MATH = YES;
				ONLY_ACTIVE_ARCH = YES;
				SDKROOT = iphoneos;
			};
			name = Debug;
		};
		914D240922D3FBA4000227BC /* Release */ = {
			isa = XCBuildConfiguration;
			buildSettings = {
				ALWAYS_SEARCH_USER_PATHS = NO;
				CLANG_ANALYZER_NONNULL = YES;
				CLANG_ANALYZER_NUMBER_OBJECT_CONVERSION = YES_AGGRESSIVE;
				CLANG_CXX_LANGUAGE_STANDARD = "gnu++14";
				CLANG_CXX_LIBRARY = "libc++";
				CLANG_ENABLE_MODULES = YES;
				CLANG_ENABLE_OBJC_ARC = YES;
				CLANG_ENABLE_OBJC_WEAK = YES;
				CLANG_WARN_BLOCK_CAPTURE_AUTORELEASING = YES;
				CLANG_WARN_BOOL_CONVERSION = YES;
				CLANG_WARN_COMMA = YES;
				CLANG_WARN_CONSTANT_CONVERSION = YES;
				CLANG_WARN_DEPRECATED_OBJC_IMPLEMENTATIONS = YES;
				CLANG_WARN_DIRECT_OBJC_ISA_USAGE = YES_ERROR;
				CLANG_WARN_DOCUMENTATION_COMMENTS = YES;
				CLANG_WARN_EMPTY_BODY = YES;
				CLANG_WARN_ENUM_CONVERSION = YES;
				CLANG_WARN_INFINITE_RECURSION = YES;
				CLANG_WARN_INT_CONVERSION = YES;
				CLANG_WARN_NON_LITERAL_NULL_CONVERSION = YES;
				CLANG_WARN_OBJC_IMPLICIT_RETAIN_SELF = YES;
				CLANG_WARN_OBJC_LITERAL_CONVERSION = YES;
				CLANG_WARN_OBJC_ROOT_CLASS = YES_ERROR;
				CLANG_WARN_RANGE_LOOP_ANALYSIS = YES;
				CLANG_WARN_STRICT_PROTOTYPES = YES;
				CLANG_WARN_SUSPICIOUS_MOVE = YES;
				CLANG_WARN_UNGUARDED_AVAILABILITY = YES_AGGRESSIVE;
				CLANG_WARN_UNREACHABLE_CODE = YES;
				CLANG_WARN__DUPLICATE_METHOD_MATCH = YES;
				CODE_SIGN_IDENTITY = "iPhone Developer";
				COPY_PHASE_STRIP = NO;
				DEBUG_INFORMATION_FORMAT = "dwarf-with-dsym";
				ENABLE_NS_ASSERTIONS = NO;
				ENABLE_STRICT_OBJC_MSGSEND = YES;
				GCC_C_LANGUAGE_STANDARD = gnu11;
				GCC_NO_COMMON_BLOCKS = YES;
				GCC_WARN_64_TO_32_BIT_CONVERSION = YES;
				GCC_WARN_ABOUT_RETURN_TYPE = YES_ERROR;
				GCC_WARN_UNDECLARED_SELECTOR = YES;
				GCC_WARN_UNINITIALIZED_AUTOS = YES_AGGRESSIVE;
				GCC_WARN_UNUSED_FUNCTION = YES;
				GCC_WARN_UNUSED_VARIABLE = YES;
				IPHONEOS_DEPLOYMENT_TARGET = 12.2;
				MTL_ENABLE_DEBUG_INFO = NO;
				MTL_FAST_MATH = YES;
				SDKROOT = iphoneos;
				VALIDATE_PRODUCT = YES;
			};
			name = Release;
		};
		914D240B22D3FBA4000227BC /* Debug */ = {
			isa = XCBuildConfiguration;
			baseConfigurationReference = FFFF6D0F9245CC9205EE277A /* Pods-alexasgram.debug.xcconfig */;
			buildSettings = {
				ASSETCATALOG_COMPILER_APPICON_NAME = AppIcon;
				CODE_SIGN_STYLE = Automatic;
				DEVELOPMENT_TEAM = 4NNK8U3CZ8;
				INFOPLIST_FILE = alexasgram/Info.plist;
				LD_RUNPATH_SEARCH_PATHS = (
					"$(inherited)",
					"@executable_path/Frameworks",
				);
				PRODUCT_BUNDLE_IDENTIFIER = com.alexamorales.alexasgram;
				PRODUCT_NAME = "$(TARGET_NAME)";
				TARGETED_DEVICE_FAMILY = "1,2";
			};
			name = Debug;
		};
		914D240C22D3FBA4000227BC /* Release */ = {
			isa = XCBuildConfiguration;
			baseConfigurationReference = D817E7A015753E781FCFF241 /* Pods-alexasgram.release.xcconfig */;
			buildSettings = {
				ASSETCATALOG_COMPILER_APPICON_NAME = AppIcon;
				CODE_SIGN_STYLE = Automatic;
				DEVELOPMENT_TEAM = 4NNK8U3CZ8;
				INFOPLIST_FILE = alexasgram/Info.plist;
				LD_RUNPATH_SEARCH_PATHS = (
					"$(inherited)",
					"@executable_path/Frameworks",
				);
				PRODUCT_BUNDLE_IDENTIFIER = com.alexamorales.alexasgram;
				PRODUCT_NAME = "$(TARGET_NAME)";
				TARGETED_DEVICE_FAMILY = "1,2";
			};
			name = Release;
		};
		914D240E22D3FBA4000227BC /* Debug */ = {
			isa = XCBuildConfiguration;
			baseConfigurationReference = B92963A2033378B1506FC38C /* Pods-alexasgramTests.debug.xcconfig */;
			buildSettings = {
				BUNDLE_LOADER = "$(TEST_HOST)";
				CODE_SIGN_STYLE = Automatic;
				DEVELOPMENT_TEAM = 4NNK8U3CZ8;
				INFOPLIST_FILE = alexasgramTests/Info.plist;
				LD_RUNPATH_SEARCH_PATHS = (
					"$(inherited)",
					"@executable_path/Frameworks",
					"@loader_path/Frameworks",
				);
				PRODUCT_BUNDLE_IDENTIFIER = com.alexamorales.alexasgramTests;
				PRODUCT_NAME = "$(TARGET_NAME)";
				TARGETED_DEVICE_FAMILY = "1,2";
				TEST_HOST = "$(BUILT_PRODUCTS_DIR)/alexasgram.app/alexasgram";
			};
			name = Debug;
		};
		914D240F22D3FBA4000227BC /* Release */ = {
			isa = XCBuildConfiguration;
			baseConfigurationReference = 8FE550A470AA981F892374A1 /* Pods-alexasgramTests.release.xcconfig */;
			buildSettings = {
				BUNDLE_LOADER = "$(TEST_HOST)";
				CODE_SIGN_STYLE = Automatic;
				DEVELOPMENT_TEAM = 4NNK8U3CZ8;
				INFOPLIST_FILE = alexasgramTests/Info.plist;
				LD_RUNPATH_SEARCH_PATHS = (
					"$(inherited)",
					"@executable_path/Frameworks",
					"@loader_path/Frameworks",
				);
				PRODUCT_BUNDLE_IDENTIFIER = com.alexamorales.alexasgramTests;
				PRODUCT_NAME = "$(TARGET_NAME)";
				TARGETED_DEVICE_FAMILY = "1,2";
				TEST_HOST = "$(BUILT_PRODUCTS_DIR)/alexasgram.app/alexasgram";
			};
			name = Release;
		};
		914D241122D3FBA4000227BC /* Debug */ = {
			isa = XCBuildConfiguration;
			baseConfigurationReference = 02F7DF9B2375ED53FEDC319A /* Pods-alexasgramUITests.debug.xcconfig */;
			buildSettings = {
				CODE_SIGN_STYLE = Automatic;
				DEVELOPMENT_TEAM = 4NNK8U3CZ8;
				INFOPLIST_FILE = alexasgramUITests/Info.plist;
				LD_RUNPATH_SEARCH_PATHS = (
					"$(inherited)",
					"@executable_path/Frameworks",
					"@loader_path/Frameworks",
				);
				PRODUCT_BUNDLE_IDENTIFIER = com.alexamorales.alexasgramUITests;
				PRODUCT_NAME = "$(TARGET_NAME)";
				TARGETED_DEVICE_FAMILY = "1,2";
				TEST_TARGET_NAME = alexasgram;
			};
			name = Debug;
		};
		914D241222D3FBA4000227BC /* Release */ = {
			isa = XCBuildConfiguration;
			baseConfigurationReference = 5EA67268877A9E218BE6074B /* Pods-alexasgramUITests.release.xcconfig */;
			buildSettings = {
				CODE_SIGN_STYLE = Automatic;
				DEVELOPMENT_TEAM = 4NNK8U3CZ8;
				INFOPLIST_FILE = alexasgramUITests/Info.plist;
				LD_RUNPATH_SEARCH_PATHS = (
					"$(inherited)",
					"@executable_path/Frameworks",
					"@loader_path/Frameworks",
				);
				PRODUCT_BUNDLE_IDENTIFIER = com.alexamorales.alexasgramUITests;
				PRODUCT_NAME = "$(TARGET_NAME)";
				TARGETED_DEVICE_FAMILY = "1,2";
				TEST_TARGET_NAME = alexasgram;
			};
			name = Release;
		};
/* End XCBuildConfiguration section */

/* Begin XCConfigurationList section */
		914D23D922D3FBA3000227BC /* Build configuration list for PBXProject "alexasgram" */ = {
			isa = XCConfigurationList;
			buildConfigurations = (
				914D240822D3FBA4000227BC /* Debug */,
				914D240922D3FBA4000227BC /* Release */,
			);
			defaultConfigurationIsVisible = 0;
			defaultConfigurationName = Release;
		};
		914D240A22D3FBA4000227BC /* Build configuration list for PBXNativeTarget "alexasgram" */ = {
			isa = XCConfigurationList;
			buildConfigurations = (
				914D240B22D3FBA4000227BC /* Debug */,
				914D240C22D3FBA4000227BC /* Release */,
			);
			defaultConfigurationIsVisible = 0;
			defaultConfigurationName = Release;
		};
		914D240D22D3FBA4000227BC /* Build configuration list for PBXNativeTarget "alexasgramTests" */ = {
			isa = XCConfigurationList;
			buildConfigurations = (
				914D240E22D3FBA4000227BC /* Debug */,
				914D240F22D3FBA4000227BC /* Release */,
			);
			defaultConfigurationIsVisible = 0;
			defaultConfigurationName = Release;
		};
		914D241022D3FBA4000227BC /* Build configuration list for PBXNativeTarget "alexasgramUITests" */ = {
			isa = XCConfigurationList;
			buildConfigurations = (
				914D241122D3FBA4000227BC /* Debug */,
				914D241222D3FBA4000227BC /* Release */,
			);
			defaultConfigurationIsVisible = 0;
			defaultConfigurationName = Release;
		};
/* End XCConfigurationList section */
	};
	rootObject = 914D23D622D3FBA3000227BC /* Project object */;
}
